// !$*UTF8*$!
{
	archiveVersion = 1;
	classes = {
	};
	objectVersion = 46;
	objects = {

/* Begin PBXBuildFile section */
		DE914F191F50C2E8008D8372 /* ImageViewExtension.swift in Sources */ = {isa = PBXBuildFile; fileRef = DE914F181F50C2E8008D8372 /* ImageViewExtension.swift */; };
		DEC9255C1F4F3E5300F21EEC /* AppDelegate.swift in Sources */ = {isa = PBXBuildFile; fileRef = DEC9255B1F4F3E5300F21EEC /* AppDelegate.swift */; };
		DEC9255E1F4F3E5300F21EEC /* ViewController.swift in Sources */ = {isa = PBXBuildFile; fileRef = DEC9255D1F4F3E5300F21EEC /* ViewController.swift */; };
		DEC925611F4F3E5300F21EEC /* Main.storyboard in Resources */ = {isa = PBXBuildFile; fileRef = DEC9255F1F4F3E5300F21EEC /* Main.storyboard */; };
		DEC925631F4F3E5300F21EEC /* Assets.xcassets in Resources */ = {isa = PBXBuildFile; fileRef = DEC925621F4F3E5300F21EEC /* Assets.xcassets */; };
		DEC925661F4F3E5300F21EEC /* LaunchScreen.storyboard in Resources */ = {isa = PBXBuildFile; fileRef = DEC925641F4F3E5300F21EEC /* LaunchScreen.storyboard */; };
		DEC9256E1F4F3FFD00F21EEC /* ExpandableImageView.swift in Sources */ = {isa = PBXBuildFile; fileRef = DEC9256D1F4F3FFD00F21EEC /* ExpandableImageView.swift */; };
		DED169141F4F5AB40022BEE1 /* TransitionManager.swift in Sources */ = {isa = PBXBuildFile; fileRef = DED169131F4F5AB40022BEE1 /* TransitionManager.swift */; };
		DED169161F4F80010022BEE1 /* ImageViewerViewController.swift in Sources */ = {isa = PBXBuildFile; fileRef = DED169151F4F80010022BEE1 /* ImageViewerViewController.swift */; };
/* End PBXBuildFile section */

/* Begin PBXFileReference section */
		DE914F181F50C2E8008D8372 /* ImageViewExtension.swift */ = {isa = PBXFileReference; fileEncoding = 4; lastKnownFileType = sourcecode.swift; path = ImageViewExtension.swift; sourceTree = "<group>"; };
		DEC925581F4F3E5300F21EEC /* ImagePreview.app */ = {isa = PBXFileReference; explicitFileType = wrapper.application; includeInIndex = 0; path = ImagePreview.app; sourceTree = BUILT_PRODUCTS_DIR; };
		DEC9255B1F4F3E5300F21EEC /* AppDelegate.swift */ = {isa = PBXFileReference; lastKnownFileType = sourcecode.swift; path = AppDelegate.swift; sourceTree = "<group>"; };
		DEC9255D1F4F3E5300F21EEC /* ViewController.swift */ = {isa = PBXFileReference; lastKnownFileType = sourcecode.swift; path = ViewController.swift; sourceTree = "<group>"; };
		DEC925601F4F3E5300F21EEC /* Base */ = {isa = PBXFileReference; lastKnownFileType = file.storyboard; name = Base; path = Base.lproj/Main.storyboard; sourceTree = "<group>"; };
		DEC925621F4F3E5300F21EEC /* Assets.xcassets */ = {isa = PBXFileReference; lastKnownFileType = folder.assetcatalog; path = Assets.xcassets; sourceTree = "<group>"; };
		DEC925651F4F3E5300F21EEC /* Base */ = {isa = PBXFileReference; lastKnownFileType = file.storyboard; name = Base; path = Base.lproj/LaunchScreen.storyboard; sourceTree = "<group>"; };
		DEC925671F4F3E5300F21EEC /* Info.plist */ = {isa = PBXFileReference; lastKnownFileType = text.plist.xml; path = Info.plist; sourceTree = "<group>"; };
		DEC9256D1F4F3FFD00F21EEC /* ExpandableImageView.swift */ = {isa = PBXFileReference; fileEncoding = 4; lastKnownFileType = sourcecode.swift; path = ExpandableImageView.swift; sourceTree = "<group>"; };
		DED169131F4F5AB40022BEE1 /* TransitionManager.swift */ = {isa = PBXFileReference; fileEncoding = 4; lastKnownFileType = sourcecode.swift; path = TransitionManager.swift; sourceTree = "<group>"; };
		DED169151F4F80010022BEE1 /* ImageViewerViewController.swift */ = {isa = PBXFileReference; fileEncoding = 4; lastKnownFileType = sourcecode.swift; path = ImageViewerViewController.swift; sourceTree = "<group>"; };
/* End PBXFileReference section */

/* Begin PBXFrameworksBuildPhase section */
		DEC925551F4F3E5300F21EEC /* Frameworks */ = {
			isa = PBXFrameworksBuildPhase;
			buildActionMask = 2147483647;
			files = (
			);
			runOnlyForDeploymentPostprocessing = 0;
		};
/* End PBXFrameworksBuildPhase section */

/* Begin PBXGroup section */
		DEC9254F1F4F3E5300F21EEC = {
			isa = PBXGroup;
			children = (
				DEC9255A1F4F3E5300F21EEC /* ImagePreview */,
				DEC925591F4F3E5300F21EEC /* Products */,
			);
			sourceTree = "<group>";
		};
		DEC925591F4F3E5300F21EEC /* Products */ = {
			isa = PBXGroup;
			children = (
				DEC925581F4F3E5300F21EEC /* ImagePreview.app */,
			);
			name = Products;
			sourceTree = "<group>";
		};
		DEC9255A1F4F3E5300F21EEC /* ImagePreview */ = {
			isa = PBXGroup;
			children = (
				DEC9255B1F4F3E5300F21EEC /* AppDelegate.swift */,
				DEC9255F1F4F3E5300F21EEC /* Main.storyboard */,
				DEC925621F4F3E5300F21EEC /* Assets.xcassets */,
				DEC925641F4F3E5300F21EEC /* LaunchScreen.storyboard */,
				DEC925671F4F3E5300F21EEC /* Info.plist */,
				DEC9255D1F4F3E5300F21EEC /* ViewController.swift */,
				DEC9256D1F4F3FFD00F21EEC /* ExpandableImageView.swift */,
				DED169131F4F5AB40022BEE1 /* TransitionManager.swift */,
				DED169151F4F80010022BEE1 /* ImageViewerViewController.swift */,
				DE914F181F50C2E8008D8372 /* ImageViewExtension.swift */,
			);
			path = ImagePreview;
			sourceTree = "<group>";
		};
/* End PBXGroup section */

/* Begin PBXNativeTarget section */
		DEC925571F4F3E5300F21EEC /* ImagePreview */ = {
			isa = PBXNativeTarget;
			buildConfigurationList = DEC9256A1F4F3E5300F21EEC /* Build configuration list for PBXNativeTarget "ImagePreview" */;
			buildPhases = (
				DEC925541F4F3E5300F21EEC /* Sources */,
				DEC925551F4F3E5300F21EEC /* Frameworks */,
				DEC925561F4F3E5300F21EEC /* Resources */,
			);
			buildRules = (
			);
			dependencies = (
			);
			name = ImagePreview;
			productName = ImagePreview;
			productReference = DEC925581F4F3E5300F21EEC /* ImagePreview.app */;
			productType = "com.apple.product-type.application";
		};
/* End PBXNativeTarget section */

/* Begin PBXProject section */
		DEC925501F4F3E5300F21EEC /* Project object */ = {
			isa = PBXProject;
			attributes = {
				LastSwiftUpdateCheck = 0830;
				LastUpgradeCheck = 0830;
				ORGANIZATIONNAME = "Hector Ghinaglia";
				TargetAttributes = {
					DEC925571F4F3E5300F21EEC = {
						CreatedOnToolsVersion = 8.3.3;
						DevelopmentTeam = MR4DETKFYQ;
						ProvisioningStyle = Automatic;
					};
				};
			};
			buildConfigurationList = DEC925531F4F3E5300F21EEC /* Build configuration list for PBXProject "ImagePreview" */;
			compatibilityVersion = "Xcode 3.2";
			developmentRegion = English;
			hasScannedForEncodings = 0;
			knownRegions = (
				en,
				Base,
			);
			mainGroup = DEC9254F1F4F3E5300F21EEC;
			productRefGroup = DEC925591F4F3E5300F21EEC /* Products */;
			projectDirPath = "";
			projectRoot = "";
			targets = (
				DEC925571F4F3E5300F21EEC /* ImagePreview */,
			);
		};
/* End PBXProject section */

/* Begin PBXResourcesBuildPhase section */
		DEC925561F4F3E5300F21EEC /* Resources */ = {
			isa = PBXResourcesBuildPhase;
			buildActionMask = 2147483647;
			files = (
				DEC925661F4F3E5300F21EEC /* LaunchScreen.storyboard in Resources */,
				DEC925631F4F3E5300F21EEC /* Assets.xcassets in Resources */,
				DEC925611F4F3E5300F21EEC /* Main.storyboard in Resources */,
			);
			runOnlyForDeploymentPostprocessing = 0;
		};
/* End PBXResourcesBuildPhase section */

/* Begin PBXSourcesBuildPhase section */
		DEC925541F4F3E5300F21EEC /* Sources */ = {
			isa = PBXSourcesBuildPhase;
			buildActionMask = 2147483647;
			files = (
				DED169141F4F5AB40022BEE1 /* TransitionManager.swift in Sources */,
				DEC9256E1F4F3FFD00F21EEC /* ExpandableImageView.swift in Sources */,
				DEC9255E1F4F3E5300F21EEC /* ViewController.swift in Sources */,
				DEC9255C1F4F3E5300F21EEC /* AppDelegate.swift in Sources */,
				DE914F191F50C2E8008D8372 /* ImageViewExtension.swift in Sources */,
				DED169161F4F80010022BEE1 /* ImageViewerViewController.swift in Sources */,
			);
			runOnlyForDeploymentPostprocessing = 0;
		};
/* End PBXSourcesBuildPhase section */

/* Begin PBXVariantGroup section */
		DEC9255F1F4F3E5300F21EEC /* Main.storyboard */ = {
			isa = PBXVariantGroup;
			children = (
				DEC925601F4F3E5300F21EEC /* Base */,
			);
			name = Main.storyboard;
			sourceTree = "<group>";
		};
		DEC925641F4F3E5300F21EEC /* LaunchScreen.storyboard */ = {
			isa = PBXVariantGroup;
			children = (
				DEC925651F4F3E5300F21EEC /* Base */,
			);
			name = LaunchScreen.storyboard;
			sourceTree = "<group>";
		};
/* End PBXVariantGroup section */

/* Begin XCBuildConfiguration section */
		DEC925681F4F3E5300F21EEC /* Debug */ = {
			isa = XCBuildConfiguration;
			buildSettings = {
				ALWAYS_SEARCH_USER_PATHS = NO;
				CLANG_ANALYZER_NONNULL = YES;
				CLANG_ANALYZER_NUMBER_OBJECT_CONVERSION = YES_AGGRESSIVE;
				CLANG_CXX_LANGUAGE_STANDARD = "gnu++0x";
				CLANG_CXX_LIBRARY = "libc++";
				CLANG_ENABLE_MODULES = YES;
				CLANG_ENABLE_OBJC_ARC = YES;
				CLANG_WARN_BOOL_CONVERSION = YES;
				CLANG_WARN_CONSTANT_CONVERSION = YES;
				CLANG_WARN_DIRECT_OBJC_ISA_USAGE = YES_ERROR;
				CLANG_WARN_DOCUMENTATION_COMMENTS = YES;
				CLANG_WARN_EMPTY_BODY = YES;
				CLANG_WARN_ENUM_CONVERSION = YES;
				CLANG_WARN_INFINITE_RECURSION = YES;
				CLANG_WARN_INT_CONVERSION = YES;
				CLANG_WARN_OBJC_ROOT_CLASS = YES_ERROR;
				CLANG_WARN_SUSPICIOUS_MOVE = YES;
				CLANG_WARN_UNREACHABLE_CODE = YES;
				CLANG_WARN__DUPLICATE_METHOD_MATCH = YES;
				"CODE_SIGN_IDENTITY[sdk=iphoneos*]" = "iPhone Developer";
				COPY_PHASE_STRIP = NO;
				DEBUG_INFORMATION_FORMAT = dwarf;
				ENABLE_STRICT_OBJC_MSGSEND = YES;
				ENABLE_TESTABILITY = YES;
				GCC_C_LANGUAGE_STANDARD = gnu99;
				GCC_DYNAMIC_NO_PIC = NO;
				GCC_NO_COMMON_BLOCKS = YES;
				GCC_OPTIMIZATION_LEVEL = 0;
				GCC_PREPROCESSOR_DEFINITIONS = (
					"DEBUG=1",
					"$(inherited)",
				);
				GCC_WARN_64_TO_32_BIT_CONVERSION = YES;
				GCC_WARN_ABOUT_RETURN_TYPE = YES_ERROR;
				GCC_WARN_UNDECLARED_SELECTOR = YES;
				GCC_WARN_UNINITIALIZED_AUTOS = YES_AGGRESSIVE;
				GCC_WARN_UNUSED_FUNCTION = YES;
				GCC_WARN_UNUSED_VARIABLE = YES;
				IPHONEOS_DEPLOYMENT_TARGET = 10.3;
				MTL_ENABLE_DEBUG_INFO = YES;
				ONLY_ACTIVE_ARCH = YES;
				SDKROOT = iphoneos;
				SWIFT_ACTIVE_COMPILATION_CONDITIONS = DEBUG;
				SWIFT_OPTIMIZATION_LEVEL = "-Onone";
			};
			name = Debug;
		};
		DEC925691F4F3E5300F21EEC /* Release */ = {
			isa = XCBuildConfiguration;
			buildSettings = {
				ALWAYS_SEARCH_USER_PATHS = NO;
				CLANG_ANALYZER_NONNULL = YES;
				CLANG_ANALYZER_NUMBER_OBJECT_CONVERSION = YES_AGGRESSIVE;
				CLANG_CXX_LANGUAGE_STANDARD = "gnu++0x";
				CLANG_CXX_LIBRARY = "libc++";
				CLANG_ENABLE_MODULES = YES;
				CLANG_ENABLE_OBJC_ARC = YES;
				CLANG_WARN_BOOL_CONVERSION = YES;
				CLANG_WARN_CONSTANT_CONVERSION = YES;
				CLANG_WARN_DIRECT_OBJC_ISA_USAGE = YES_ERROR;
				CLANG_WARN_DOCUMENTATION_COMMENTS = YES;
				CLANG_WARN_EMPTY_BODY = YES;
				CLANG_WARN_ENUM_CONVERSION = YES;
				CLANG_WARN_INFINITE_RECURSION = YES;
				CLANG_WARN_INT_CONVERSION = YES;
				CLANG_WARN_OBJC_ROOT_CLASS = YES_ERROR;
				CLANG_WARN_SUSPICIOUS_MOVE = YES;
				CLANG_WARN_UNREACHABLE_CODE = YES;
				CLANG_WARN__DUPLICATE_METHOD_MATCH = YES;
				"CODE_SIGN_IDENTITY[sdk=iphoneos*]" = "iPhone Developer";
				COPY_PHASE_STRIP = NO;
				DEBUG_INFORMATION_FORMAT = "dwarf-with-dsym";
				ENABLE_NS_ASSERTIONS = NO;
				ENABLE_STRICT_OBJC_MSGSEND = YES;
				GCC_C_LANGUAGE_STANDARD = gnu99;
				GCC_NO_COMMON_BLOCKS = YES;
				GCC_WARN_64_TO_32_BIT_CONVERSION = YES;
				GCC_WARN_ABOUT_RETURN_TYPE = YES_ERROR;
				GCC_WARN_UNDECLARED_SELECTOR = YES;
				GCC_WARN_UNINITIALIZED_AUTOS = YES_AGGRESSIVE;
				GCC_WARN_UNUSED_FUNCTION = YES;
				GCC_WARN_UNUSED_VARIABLE = YES;
				IPHONEOS_DEPLOYMENT_TARGET = 10.3;
				MTL_ENABLE_DEBUG_INFO = NO;
				SDKROOT = iphoneos;
				SWIFT_OPTIMIZATION_LEVEL = "-Owholemodule";
				VALIDATE_PRODUCT = YES;
			};
			name = Release;
		};
		DEC9256B1F4F3E5300F21EEC /* Debug */ = {
			isa = XCBuildConfiguration;
			buildSettings = {
				ASSETCATALOG_COMPILER_APPICON_NAME = AppIcon;
				DEVELOPMENT_TEAM = MR4DETKFYQ;
				INFOPLIST_FILE = ImagePreview/Info.plist;
				IPHONEOS_DEPLOYMENT_TARGET = 8.4;
				LD_RUNPATH_SEARCH_PATHS = "$(inherited) @executable_path/Frameworks";
				PRODUCT_BUNDLE_IDENTIFIER = com.hghinaglia.ImagePreview;
				PRODUCT_NAME = "$(TARGET_NAME)";
				SWIFT_VERSION = 3.0;
			};
			name = Debug;
		};
		DEC9256C1F4F3E5300F21EEC /* Release */ = {
			isa = XCBuildConfiguration;
			buildSettings = {
				ASSETCATALOG_COMPILER_APPICON_NAME = AppIcon;
				DEVELOPMENT_TEAM = MR4DETKFYQ;
				INFOPLIST_FILE = ImagePreview/Info.plist;
				IPHONEOS_DEPLOYMENT_TARGET = 8.4;
				LD_RUNPATH_SEARCH_PATHS = "$(inherited) @executable_path/Frameworks";
				PRODUCT_BUNDLE_IDENTIFIER = com.hghinaglia.ImagePreview;
				PRODUCT_NAME = "$(TARGET_NAME)";
				SWIFT_VERSION = 3.0;
			};
			name = Release;
		};
/* End XCBuildConfiguration section */

/* Begin XCConfigurationList section */
		DEC925531F4F3E5300F21EEC /* Build configuration list for PBXProject "ImagePreview" */ = {
			isa = XCConfigurationList;
			buildConfigurations = (
				DEC925681F4F3E5300F21EEC /* Debug */,
				DEC925691F4F3E5300F21EEC /* Release */,
			);
			defaultConfigurationIsVisible = 0;
			defaultConfigurationName = Release;
		};
		DEC9256A1F4F3E5300F21EEC /* Build configuration list for PBXNativeTarget "ImagePreview" */ = {
			isa = XCConfigurationList;
			buildConfigurations = (
				DEC9256B1F4F3E5300F21EEC /* Debug */,
				DEC9256C1F4F3E5300F21EEC /* Release */,
			);
			defaultConfigurationIsVisible = 0;
			defaultConfigurationName = Release;
		};
/* End XCConfigurationList section */
	};
	rootObject = DEC925501F4F3E5300F21EEC /* Project object */;
}
